
Microsoft Visual Studio Solution File, Format Version 12.00
# Visual Studio 15
VisualStudioVersion = 15.0.28307.1321
MinimumVisualStudioVersion = 10.0.40219.1
Project("{8BC9CEB8-8B4A-11D0-8D11-00A0C91BC942}") = "Algorithm_Lookup", "Algorithm_Lookup\Algorithm_Lookup.vcxproj", "{19EDD42F-6D94-48C3-8F36-A77665752506}"
EndProject
Global
	GlobalSection(SolutionConfigurationPlatforms) = preSolution
		Debug|x64 = Debug|x64
		Debug|x86 = Debug|x86
		Release|x64 = Release|x64
		Release|x86 = Release|x86
	EndGlobalSection
	GlobalSection(ProjectConfigurationPlatforms) = postSolution
		{19EDD42F-6D94-48C3-8F36-A77665752506}.Debug|x64.ActiveCfg = Debug|x64
		{19EDD42F-6D94-48C3-8F36-A77665752506}.Debug|x64.Build.0 = Debug|x64
		{19EDD42F-6D94-48C3-8F36-A77665752506}.Debug|x86.ActiveCfg = Debug|Win32
		{19EDD42F-6D94-48C3-8F36-A77665752506}.Debug|x86.Build.0 = Debug|Win32
		{19EDD42F-6D94-48C3-8F36-A77665752506}.Release|x64.ActiveCfg = Release|x64
		{19EDD42F-6D94-48C3-8F36-A77665752506}.Release|x64.Build.0 = Release|x64
		{19EDD42F-6D94-48C3-8F36-A77665752506}.Release|x86.ActiveCfg = Release|Win32
		{19EDD42F-6D94-48C3-8F36-A77665752506}.Release|x86.Build.0 = Release|Win32
	EndGlobalSection
	GlobalSection(SolutionProperties) = preSolution
		HideSolutionNode = FALSE
	EndGlobalSection
	GlobalSection(ExtensibilityGlobals) = postSolution
		SolutionGuid = {B4D5C77C-293D-4E04-B3CA-5A410C70D955}
	EndGlobalSection
EndGlobal
